
Microsoft Visual Studio Solution File, Format Version 12.00
# Visual Studio Version 17
VisualStudioVersion = 17.1.32127.271
MinimumVisualStudioVersion = 10.0.40219.1
Project("{9A19103F-16F7-4668-BE54-9A1E7A4F7556}") = "Synnotech.AspNetCore.MinimalApis", "Synnotech.AspNetCore.MinimalApis\Synnotech.AspNetCore.MinimalApis.csproj", "{8D2B085E-4785-4F21-9D0A-1D9EF563C792}"
EndProject
Project("{9A19103F-16F7-4668-BE54-9A1E7A4F7556}") = "Synnotech.AspNetCore.MinimalApis.Tests", "Synnotech.AspNetCore.MinimalApis.Tests\Synnotech.AspNetCore.MinimalApis.Tests.csproj", "{463AF421-AE20-449D-B9BC-8A9A5EC8ADA0}"
EndProject
Project("{2150E333-8FDC-42A3-9474-1A3956D46DE8}") = "Solution Items", "Solution Items", "{1884EBC7-1ED2-46AF-989F-5B49BB7D6D7F}"
	ProjectSection(SolutionItems) = preProject
		..\.gitignore = ..\.gitignore
	EndProjectSection
EndProject
Global
	GlobalSection(SolutionConfigurationPlatforms) = preSolution
		Debug|Any CPU = Debug|Any CPU
		Release|Any CPU = Release|Any CPU
	EndGlobalSection
	GlobalSection(ProjectConfigurationPlatforms) = postSolution
		{8D2B085E-4785-4F21-9D0A-1D9EF563C792}.Debug|Any CPU.ActiveCfg = Debug|Any CPU
		{8D2B085E-4785-4F21-9D0A-1D9EF563C792}.Debug|Any CPU.Build.0 = Debug|Any CPU
		{8D2B085E-4785-4F21-9D0A-1D9EF563C792}.Release|Any CPU.ActiveCfg = Release|Any CPU
		{8D2B085E-4785-4F21-9D0A-1D9EF563C792}.Release|Any CPU.Build.0 = Release|Any CPU
		{463AF421-AE20-449D-B9BC-8A9A5EC8ADA0}.Debug|Any CPU.ActiveCfg = Debug|Any CPU
		{463AF421-AE20-449D-B9BC-8A9A5EC8ADA0}.Debug|Any CPU.Build.0 = Debug|Any CPU
		{463AF421-AE20-449D-B9BC-8A9A5EC8ADA0}.Release|Any CPU.ActiveCfg = Release|Any CPU
		{463AF421-AE20-449D-B9BC-8A9A5EC8ADA0}.Release|Any CPU.Build.0 = Release|Any CPU
	EndGlobalSection
	GlobalSection(SolutionProperties) = preSolution
		HideSolutionNode = FALSE
	EndGlobalSection
	GlobalSection(ExtensibilityGlobals) = postSolution
		SolutionGuid = {CAD7A2B7-04C5-4898-94E8-C9B03D7C2108}
	EndGlobalSection
EndGlobal
